
Microsoft Visual Studio Solution File, Format Version 12.00
# Visual Studio Version 17
VisualStudioVersion = 17.2.32630.192
MinimumVisualStudioVersion = 10.0.40219.1
Project("{9A19103F-16F7-4668-BE54-9A1E7A4F7556}") = "PlayersList", "Veda\PlayersList.csproj", "{70D62EA5-534A-4CB0-A990-FC5A0796D8CA}"
EndProject
Global
	GlobalSection(SolutionConfigurationPlatforms) = preSolution
		Debug|Any CPU = Debug|Any CPU
		Release|Any CPU = Release|Any CPU
	EndGlobalSection
	GlobalSection(ProjectConfigurationPlatforms) = postSolution
		{70D62EA5-534A-4CB0-A990-FC5A0796D8CA}.Debug|Any CPU.ActiveCfg = Debug|Any CPU
		{70D62EA5-534A-4CB0-A990-FC5A0796D8CA}.Debug|Any CPU.Build.0 = Debug|Any CPU
		{70D62EA5-534A-4CB0-A990-FC5A0796D8CA}.Release|Any CPU.ActiveCfg = Release|Any CPU
		{70D62EA5-534A-4CB0-A990-FC5A0796D8CA}.Release|Any CPU.Build.0 = Release|Any CPU
	EndGlobalSection
	GlobalSection(SolutionProperties) = preSolution
		HideSolutionNode = FALSE
	EndGlobalSection
	GlobalSection(ExtensibilityGlobals) = postSolution
		SolutionGuid = {D7975DC5-67D7-4676-ACEC-13FE52D99D7D}
	EndGlobalSection
EndGlobal
